
Microsoft Visual Studio Solution File, Format Version 12.00
# Visual Studio Version 17
VisualStudioVersion = 17.8.34330.188
MinimumVisualStudioVersion = 10.0.40219.1
Project("{13B669BE-BB05-4DDF-9536-439F39A36129}") = "simoeda_laravel", "simoeda_laravel.phpproj", "{EAF154F5-5D0A-40F7-98E5-30F199C90D02}"
EndProject
Global
	GlobalSection(SolutionConfigurationPlatforms) = preSolution
		Debug|Any CPU = Debug|Any CPU
		Release|Any CPU = Release|Any CPU
	EndGlobalSection
	GlobalSection(ProjectConfigurationPlatforms) = postSolution
		{EAF154F5-5D0A-40F7-98E5-30F199C90D02}.Debug|Any CPU.ActiveCfg = Debug|Any CPU
		{EAF154F5-5D0A-40F7-98E5-30F199C90D02}.Debug|Any CPU.Build.0 = Debug|Any CPU
		{EAF154F5-5D0A-40F7-98E5-30F199C90D02}.Release|Any CPU.ActiveCfg = Release|Any CPU
		{EAF154F5-5D0A-40F7-98E5-30F199C90D02}.Release|Any CPU.Build.0 = Release|Any CPU
	EndGlobalSection
	GlobalSection(SolutionProperties) = preSolution
		HideSolutionNode = FALSE
	EndGlobalSection
	GlobalSection(ExtensibilityGlobals) = postSolution
		SolutionGuid = {0C334079-7D74-49A6-BDA3-D47ECFC7BCC2}
	EndGlobalSection
EndGlobal
